
Microsoft Visual Studio Solution File, Format Version 12.00
# Visual Studio 15
VisualStudioVersion = 15.0.26403.7
MinimumVisualStudioVersion = 10.0.40219.1
Project("{2150E333-8FDC-42A3-9474-1A3956D46DE8}") = "PublicService", "PublicService", "{7879CE0E-931E-4E00-A53D-35316EDB7C5A}"
EndProject
Project("{2150E333-8FDC-42A3-9474-1A3956D46DE8}") = "PrivateService", "PrivateService", "{D528A29D-802D-45FE-A6AB-3FE5EB7FCDB2}"
EndProject
Project("{2150E333-8FDC-42A3-9474-1A3956D46DE8}") = "Tools", "Tools", "{3C188C4F-9696-4F27-95F0-5ED4EDF1A6EF}"
EndProject
Project("{A07B5EB6-E848-4116-A8D0-A826331D98C6}") = "WebService", "WebService\WebService.sfproj", "{65FA048A-9EF4-40E4-BD86-C5D49DE3B855}"
EndProject
Project("{FAE04EC0-301F-11D3-BF4B-00C04F79EFBC}") = "Account", "Account\Account.csproj", "{8D0BF513-CC7F-4E20-BB97-DB6FE94914E5}"
EndProject
Project("{A07B5EB6-E848-4116-A8D0-A826331D98C6}") = "GameService", "GameService\GameService.sfproj", "{D89C68FD-91A3-496E-90F0-FB6B9BB8F6E5}"
EndProject
Project("{FAE04EC0-301F-11D3-BF4B-00C04F79EFBC}") = "GameLogic", "GameLogic\GameLogic.csproj", "{A1449EE1-DDA6-447D-BC9B-7DC0CFB3666A}"
EndProject
Project("{FAE04EC0-301F-11D3-BF4B-00C04F79EFBC}") = "CacheService", "CacheService\CacheService.csproj", "{7CC029BC-93FC-4752-AC2C-7E3232840F53}"
EndProject
Project("{2150E333-8FDC-42A3-9474-1A3956D46DE8}") = "Models", "Models", "{92548BB1-805A-4223-A457-E25AA10D9714}"
EndProject
Project("{FAE04EC0-301F-11D3-BF4B-00C04F79EFBC}") = "Models", "Models\Models.csproj", "{BAB42785-E7AE-4B3A-9341-275996AD011B}"
EndProject
Project("{FAE04EC0-301F-11D3-BF4B-00C04F79EFBC}") = "Common", "Common\Common.csproj", "{FF886C3C-7145-4434-A987-2A7612F1E841}"
EndProject
Global
	GlobalSection(SolutionConfigurationPlatforms) = preSolution
		Debug|Any CPU = Debug|Any CPU
		Debug|x64 = Debug|x64
		Release|Any CPU = Release|Any CPU
		Release|x64 = Release|x64
	EndGlobalSection
	GlobalSection(ProjectConfigurationPlatforms) = postSolution
		{65FA048A-9EF4-40E4-BD86-C5D49DE3B855}.Debug|Any CPU.ActiveCfg = Debug|x64
		{65FA048A-9EF4-40E4-BD86-C5D49DE3B855}.Debug|x64.ActiveCfg = Debug|x64
		{65FA048A-9EF4-40E4-BD86-C5D49DE3B855}.Debug|x64.Build.0 = Debug|x64
		{65FA048A-9EF4-40E4-BD86-C5D49DE3B855}.Debug|x64.Deploy.0 = Debug|x64
		{65FA048A-9EF4-40E4-BD86-C5D49DE3B855}.Release|Any CPU.ActiveCfg = Release|x64
		{65FA048A-9EF4-40E4-BD86-C5D49DE3B855}.Release|x64.ActiveCfg = Release|x64
		{65FA048A-9EF4-40E4-BD86-C5D49DE3B855}.Release|x64.Build.0 = Release|x64
		{65FA048A-9EF4-40E4-BD86-C5D49DE3B855}.Release|x64.Deploy.0 = Release|x64
		{8D0BF513-CC7F-4E20-BB97-DB6FE94914E5}.Debug|Any CPU.ActiveCfg = Debug|Any CPU
		{8D0BF513-CC7F-4E20-BB97-DB6FE94914E5}.Debug|Any CPU.Build.0 = Debug|Any CPU
		{8D0BF513-CC7F-4E20-BB97-DB6FE94914E5}.Debug|x64.ActiveCfg = Debug|Any CPU
		{8D0BF513-CC7F-4E20-BB97-DB6FE94914E5}.Debug|x64.Build.0 = Debug|Any CPU
		{8D0BF513-CC7F-4E20-BB97-DB6FE94914E5}.Release|Any CPU.ActiveCfg = Release|Any CPU
		{8D0BF513-CC7F-4E20-BB97-DB6FE94914E5}.Release|Any CPU.Build.0 = Release|Any CPU
		{8D0BF513-CC7F-4E20-BB97-DB6FE94914E5}.Release|x64.ActiveCfg = Release|Any CPU
		{8D0BF513-CC7F-4E20-BB97-DB6FE94914E5}.Release|x64.Build.0 = Release|Any CPU
		{D89C68FD-91A3-496E-90F0-FB6B9BB8F6E5}.Debug|Any CPU.ActiveCfg = Debug|x64
		{D89C68FD-91A3-496E-90F0-FB6B9BB8F6E5}.Debug|x64.ActiveCfg = Debug|x64
		{D89C68FD-91A3-496E-90F0-FB6B9BB8F6E5}.Debug|x64.Build.0 = Debug|x64
		{D89C68FD-91A3-496E-90F0-FB6B9BB8F6E5}.Debug|x64.Deploy.0 = Debug|x64
		{D89C68FD-91A3-496E-90F0-FB6B9BB8F6E5}.Release|Any CPU.ActiveCfg = Release|x64
		{D89C68FD-91A3-496E-90F0-FB6B9BB8F6E5}.Release|x64.ActiveCfg = Release|x64
		{D89C68FD-91A3-496E-90F0-FB6B9BB8F6E5}.Release|x64.Build.0 = Release|x64
		{D89C68FD-91A3-496E-90F0-FB6B9BB8F6E5}.Release|x64.Deploy.0 = Release|x64
		{A1449EE1-DDA6-447D-BC9B-7DC0CFB3666A}.Debug|Any CPU.ActiveCfg = Debug|x64
		{A1449EE1-DDA6-447D-BC9B-7DC0CFB3666A}.Debug|x64.ActiveCfg = Debug|x64
		{A1449EE1-DDA6-447D-BC9B-7DC0CFB3666A}.Debug|x64.Build.0 = Debug|x64
		{A1449EE1-DDA6-447D-BC9B-7DC0CFB3666A}.Release|Any CPU.ActiveCfg = Release|x64
		{A1449EE1-DDA6-447D-BC9B-7DC0CFB3666A}.Release|x64.ActiveCfg = Release|x64
		{A1449EE1-DDA6-447D-BC9B-7DC0CFB3666A}.Release|x64.Build.0 = Release|x64
		{7CC029BC-93FC-4752-AC2C-7E3232840F53}.Debug|Any CPU.ActiveCfg = Debug|x64
		{7CC029BC-93FC-4752-AC2C-7E3232840F53}.Debug|x64.ActiveCfg = Debug|x64
		{7CC029BC-93FC-4752-AC2C-7E3232840F53}.Debug|x64.Build.0 = Debug|x64
		{7CC029BC-93FC-4752-AC2C-7E3232840F53}.Release|Any CPU.ActiveCfg = Release|x64
		{7CC029BC-93FC-4752-AC2C-7E3232840F53}.Release|x64.ActiveCfg = Release|x64
		{7CC029BC-93FC-4752-AC2C-7E3232840F53}.Release|x64.Build.0 = Release|x64
		{BAB42785-E7AE-4B3A-9341-275996AD011B}.Debug|Any CPU.ActiveCfg = Debug|Any CPU
		{BAB42785-E7AE-4B3A-9341-275996AD011B}.Debug|Any CPU.Build.0 = Debug|Any CPU
		{BAB42785-E7AE-4B3A-9341-275996AD011B}.Debug|x64.ActiveCfg = Debug|Any CPU
		{BAB42785-E7AE-4B3A-9341-275996AD011B}.Debug|x64.Build.0 = Debug|Any CPU
		{BAB42785-E7AE-4B3A-9341-275996AD011B}.Release|Any CPU.ActiveCfg = Release|Any CPU
		{BAB42785-E7AE-4B3A-9341-275996AD011B}.Release|Any CPU.Build.0 = Release|Any CPU
		{BAB42785-E7AE-4B3A-9341-275996AD011B}.Release|x64.ActiveCfg = Release|Any CPU
		{BAB42785-E7AE-4B3A-9341-275996AD011B}.Release|x64.Build.0 = Release|Any CPU
		{FF886C3C-7145-4434-A987-2A7612F1E841}.Debug|Any CPU.ActiveCfg = Debug|Any CPU
		{FF886C3C-7145-4434-A987-2A7612F1E841}.Debug|Any CPU.Build.0 = Debug|Any CPU
		{FF886C3C-7145-4434-A987-2A7612F1E841}.Debug|x64.ActiveCfg = Debug|Any CPU
		{FF886C3C-7145-4434-A987-2A7612F1E841}.Debug|x64.Build.0 = Debug|Any CPU
		{FF886C3C-7145-4434-A987-2A7612F1E841}.Release|Any CPU.ActiveCfg = Release|Any CPU
		{FF886C3C-7145-4434-A987-2A7612F1E841}.Release|Any CPU.Build.0 = Release|Any CPU
		{FF886C3C-7145-4434-A987-2A7612F1E841}.Release|x64.ActiveCfg = Release|Any CPU
		{FF886C3C-7145-4434-A987-2A7612F1E841}.Release|x64.Build.0 = Release|Any CPU
	EndGlobalSection
	GlobalSection(SolutionProperties) = preSolution
		HideSolutionNode = FALSE
	EndGlobalSection
	GlobalSection(NestedProjects) = preSolution
		{65FA048A-9EF4-40E4-BD86-C5D49DE3B855} = {7879CE0E-931E-4E00-A53D-35316EDB7C5A}
		{8D0BF513-CC7F-4E20-BB97-DB6FE94914E5} = {7879CE0E-931E-4E00-A53D-35316EDB7C5A}
		{D89C68FD-91A3-496E-90F0-FB6B9BB8F6E5} = {D528A29D-802D-45FE-A6AB-3FE5EB7FCDB2}
		{A1449EE1-DDA6-447D-BC9B-7DC0CFB3666A} = {D528A29D-802D-45FE-A6AB-3FE5EB7FCDB2}
		{7CC029BC-93FC-4752-AC2C-7E3232840F53} = {D528A29D-802D-45FE-A6AB-3FE5EB7FCDB2}
		{BAB42785-E7AE-4B3A-9341-275996AD011B} = {92548BB1-805A-4223-A457-E25AA10D9714}
		{FF886C3C-7145-4434-A987-2A7612F1E841} = {3C188C4F-9696-4F27-95F0-5ED4EDF1A6EF}
	EndGlobalSection
EndGlobal
